
Microsoft Visual Studio Solution File, Format Version 12.00
# Visual Studio Version 16
VisualStudioVersion = 16.0.30330.147
MinimumVisualStudioVersion = 10.0.40219.1
Project("{9A19103F-16F7-4668-BE54-9A1E7A4F7556}") = "Yusuff Ahmad code", "Yusuff Ahmad code.csproj", "{797BA116-A877-4D5E-B6DA-C1E724CFAE38}"
EndProject
Global
	GlobalSection(SolutionConfigurationPlatforms) = preSolution
		Debug|Any CPU = Debug|Any CPU
		Release|Any CPU = Release|Any CPU
	EndGlobalSection
	GlobalSection(ProjectConfigurationPlatforms) = postSolution
		{797BA116-A877-4D5E-B6DA-C1E724CFAE38}.Debug|Any CPU.ActiveCfg = Debug|Any CPU
		{797BA116-A877-4D5E-B6DA-C1E724CFAE38}.Debug|Any CPU.Build.0 = Debug|Any CPU
		{797BA116-A877-4D5E-B6DA-C1E724CFAE38}.Release|Any CPU.ActiveCfg = Release|Any CPU
		{797BA116-A877-4D5E-B6DA-C1E724CFAE38}.Release|Any CPU.Build.0 = Release|Any CPU
	EndGlobalSection
	GlobalSection(SolutionProperties) = preSolution
		HideSolutionNode = FALSE
	EndGlobalSection
	GlobalSection(ExtensibilityGlobals) = postSolution
		SolutionGuid = {89294ECF-220B-4A74-B7FA-5E1F9DB7EE67}
	EndGlobalSection
EndGlobal
